// !$*UTF8*$!
{
	archiveVersion = 1;
	classes = {
	};
	objectVersion = 46;
	objects = {

/* Begin PBXBuildFile section */
		84E0C3FE1EAAD2CF00A1FB61 /* AppDelegate.swift in Sources */ = {isa = PBXBuildFile; fileRef = 84E0C3FD1EAAD2CF00A1FB61 /* AppDelegate.swift */; };
		84E0C4001EAAD2CF00A1FB61 /* ViewController.swift in Sources */ = {isa = PBXBuildFile; fileRef = 84E0C3FF1EAAD2CF00A1FB61 /* ViewController.swift */; };
		84E0C4031EAAD2CF00A1FB61 /* Main.storyboard in Resources */ = {isa = PBXBuildFile; fileRef = 84E0C4011EAAD2CF00A1FB61 /* Main.storyboard */; };
		84E0C4051EAAD2CF00A1FB61 /* Assets.xcassets in Resources */ = {isa = PBXBuildFile; fileRef = 84E0C4041EAAD2CF00A1FB61 /* Assets.xcassets */; };
		84E0C4081EAAD2CF00A1FB61 /* LaunchScreen.storyboard in Resources */ = {isa = PBXBuildFile; fileRef = 84E0C4061EAAD2CF00A1FB61 /* LaunchScreen.storyboard */; };
/* End PBXBuildFile section */

/* Begin PBXFileReference section */
		84E0C3FA1EAAD2CF00A1FB61 /* HolaiPad.app */ = {isa = PBXFileReference; explicitFileType = wrapper.application; includeInIndex = 0; path = HolaiPad.app; sourceTree = BUILT_PRODUCTS_DIR; };
		84E0C3FD1EAAD2CF00A1FB61 /* AppDelegate.swift */ = {isa = PBXFileReference; lastKnownFileType = sourcecode.swift; path = AppDelegate.swift; sourceTree = "<group>"; };
		84E0C3FF1EAAD2CF00A1FB61 /* ViewController.swift */ = {isa = PBXFileReference; lastKnownFileType = sourcecode.swift; path = ViewController.swift; sourceTree = "<group>"; };
		84E0C4021EAAD2CF00A1FB61 /* Base */ = {isa = PBXFileReference; lastKnownFileType = file.storyboard; name = Base; path = Base.lproj/Main.storyboard; sourceTree = "<group>"; };
		84E0C4041EAAD2CF00A1FB61 /* Assets.xcassets */ = {isa = PBXFileReference; lastKnownFileType = folder.assetcatalog; path = Assets.xcassets; sourceTree = "<group>"; };
		84E0C4071EAAD2CF00A1FB61 /* Base */ = {isa = PBXFileReference; lastKnownFileType = file.storyboard; name = Base; path = Base.lproj/LaunchScreen.storyboard; sourceTree = "<group>"; };
		84E0C4091EAAD2CF00A1FB61 /* Info.plist */ = {isa = PBXFileReference; lastKnownFileType = text.plist.xml; path = Info.plist; sourceTree = "<group>"; };
/* End PBXFileReference section */

/* Begin PBXFrameworksBuildPhase section */
		84E0C3F71EAAD2CF00A1FB61 /* Frameworks */ = {
			isa = PBXFrameworksBuildPhase;
			buildActionMask = 2147483647;
			files = (
			);
			runOnlyForDeploymentPostprocessing = 0;
		};
/* End PBXFrameworksBuildPhase section */

/* Begin PBXGroup section */
		84E0C3F11EAAD2CF00A1FB61 = {
			isa = PBXGroup;
			children = (
				84E0C3FC1EAAD2CF00A1FB61 /* HolaiPad */,
				84E0C3FB1EAAD2CF00A1FB61 /* Products */,
			);
			sourceTree = "<group>";
		};
		84E0C3FB1EAAD2CF00A1FB61 /* Products */ = {
			isa = PBXGroup;
			children = (
				84E0C3FA1EAAD2CF00A1FB61 /* HolaiPad.app */,
			);
			name = Products;
			sourceTree = "<group>";
		};
		84E0C3FC1EAAD2CF00A1FB61 /* HolaiPad */ = {
			isa = PBXGroup;
			children = (
				84E0C3FD1EAAD2CF00A1FB61 /* AppDelegate.swift */,
				84E0C3FF1EAAD2CF00A1FB61 /* ViewController.swift */,
				84E0C4011EAAD2CF00A1FB61 /* Main.storyboard */,
				84E0C4041EAAD2CF00A1FB61 /* Assets.xcassets */,
				84E0C4061EAAD2CF00A1FB61 /* LaunchScreen.storyboard */,
				84E0C4091EAAD2CF00A1FB61 /* Info.plist */,
			);
			path = HolaiPad;
			sourceTree = "<group>";
		};
/* End PBXGroup section */

/* Begin PBXNativeTarget section */
		84E0C3F91EAAD2CF00A1FB61 /* HolaiPad */ = {
			isa = PBXNativeTarget;
			buildConfigurationList = 84E0C40C1EAAD2CF00A1FB61 /* Build configuration list for PBXNativeTarget "HolaiPad" */;
			buildPhases = (
				84E0C3F61EAAD2CF00A1FB61 /* Sources */,
				84E0C3F71EAAD2CF00A1FB61 /* Frameworks */,
				84E0C3F81EAAD2CF00A1FB61 /* Resources */,
			);
			buildRules = (
			);
			dependencies = (
			);
			name = HolaiPad;
			productName = HolaiPad;
			productReference = 84E0C3FA1EAAD2CF00A1FB61 /* HolaiPad.app */;
			productType = "com.apple.product-type.application";
		};
/* End PBXNativeTarget section */

/* Begin PBXProject section */
		84E0C3F21EAAD2CF00A1FB61 /* Project object */ = {
			isa = PBXProject;
			attributes = {
				LastSwiftUpdateCheck = 0830;
				LastUpgradeCheck = 0830;
				ORGANIZATIONNAME = NextU;
				TargetAttributes = {
					84E0C3F91EAAD2CF00A1FB61 = {
						CreatedOnToolsVersion = 8.3.1;
						ProvisioningStyle = Automatic;
					};
				};
			};
			buildConfigurationList = 84E0C3F51EAAD2CF00A1FB61 /* Build configuration list for PBXProject "HolaiPad" */;
			compatibilityVersion = "Xcode 3.2";
			developmentRegion = English;
			hasScannedForEncodings = 0;
			knownRegions = (
				en,
				Base,
			);
			mainGroup = 84E0C3F11EAAD2CF00A1FB61;
			productRefGroup = 84E0C3FB1EAAD2CF00A1FB61 /* Products */;
			projectDirPath = "";
			projectRoot = "";
			targets = (
				84E0C3F91EAAD2CF00A1FB61 /* HolaiPad */,
			);
		};
/* End PBXProject section */

/* Begin PBXResourcesBuildPhase section */
		84E0C3F81EAAD2CF00A1FB61 /* Resources */ = {
			isa = PBXResourcesBuildPhase;
			buildActionMask = 2147483647;
			files = (
				84E0C4081EAAD2CF00A1FB61 /* LaunchScreen.storyboard in Resources */,
				84E0C4051EAAD2CF00A1FB61 /* Assets.xcassets in Resources */,
				84E0C4031EAAD2CF00A1FB61 /* Main.storyboard in Resources */,
			);
			runOnlyForDeploymentPostprocessing = 0;
		};
/* End PBXResourcesBuildPhase section */

/* Begin PBXSourcesBuildPhase section */
		84E0C3F61EAAD2CF00A1FB61 /* Sources */ = {
			isa = PBXSourcesBuildPhase;
			buildActionMask = 2147483647;
			files = (
				84E0C4001EAAD2CF00A1FB61 /* ViewController.swift in Sources */,
				84E0C3FE1EAAD2CF00A1FB61 /* AppDelegate.swift in Sources */,
			);
			runOnlyForDeploymentPostprocessing = 0;
		};
/* End PBXSourcesBuildPhase section */

/* Begin PBXVariantGroup section */
		84E0C4011EAAD2CF00A1FB61 /* Main.storyboard */ = {
			isa = PBXVariantGroup;
			children = (
				84E0C4021EAAD2CF00A1FB61 /* Base */,
			);
			name = Main.storyboard;
			sourceTree = "<group>";
		};
		84E0C4061EAAD2CF00A1FB61 /* LaunchScreen.storyboard */ = {
			isa = PBXVariantGroup;
			children = (
				84E0C4071EAAD2CF00A1FB61 /* Base */,
			);
			name = LaunchScreen.storyboard;
			sourceTree = "<group>";
		};
/* End PBXVariantGroup section */

/* Begin XCBuildConfiguration section */
		84E0C40A1EAAD2CF00A1FB61 /* Debug */ = {
			isa = XCBuildConfiguration;
			buildSettings = {
				ALWAYS_SEARCH_USER_PATHS = NO;
				CLANG_ANALYZER_NONNULL = YES;
				CLANG_ANALYZER_NUMBER_OBJECT_CONVERSION = YES_AGGRESSIVE;
				CLANG_CXX_LANGUAGE_STANDARD = "gnu++0x";
				CLANG_CXX_LIBRARY = "libc++";
				CLANG_ENABLE_MODULES = YES;
				CLANG_ENABLE_OBJC_ARC = YES;
				CLANG_WARN_BOOL_CONVERSION = YES;
				CLANG_WARN_CONSTANT_CONVERSION = YES;
				CLANG_WARN_DIRECT_OBJC_ISA_USAGE = YES_ERROR;
				CLANG_WARN_DOCUMENTATION_COMMENTS = YES;
				CLANG_WARN_EMPTY_BODY = YES;
				CLANG_WARN_ENUM_CONVERSION = YES;
				CLANG_WARN_INFINITE_RECURSION = YES;
				CLANG_WARN_INT_CONVERSION = YES;
				CLANG_WARN_OBJC_ROOT_CLASS = YES_ERROR;
				CLANG_WARN_SUSPICIOUS_MOVE = YES;
				CLANG_WARN_UNREACHABLE_CODE = YES;
				CLANG_WARN__DUPLICATE_METHOD_MATCH = YES;
				"CODE_SIGN_IDENTITY[sdk=iphoneos*]" = "iPhone Developer";
				COPY_PHASE_STRIP = NO;
				DEBUG_INFORMATION_FORMAT = dwarf;
				ENABLE_STRICT_OBJC_MSGSEND = YES;
				ENABLE_TESTABILITY = YES;
				GCC_C_LANGUAGE_STANDARD = gnu99;
				GCC_DYNAMIC_NO_PIC = NO;
				GCC_NO_COMMON_BLOCKS = YES;
				GCC_OPTIMIZATION_LEVEL = 0;
				GCC_PREPROCESSOR_DEFINITIONS = (
					"DEBUG=1",
					"$(inherited)",
				);
				GCC_WARN_64_TO_32_BIT_CONVERSION = YES;
				GCC_WARN_ABOUT_RETURN_TYPE = YES_ERROR;
				GCC_WARN_UNDECLARED_SELECTOR = YES;
				GCC_WARN_UNINITIALIZED_AUTOS = YES_AGGRESSIVE;
				GCC_WARN_UNUSED_FUNCTION = YES;
				GCC_WARN_UNUSED_VARIABLE = YES;
				IPHONEOS_DEPLOYMENT_TARGET = 10.3;
				MTL_ENABLE_DEBUG_INFO = YES;
				ONLY_ACTIVE_ARCH = YES;
				SDKROOT = iphoneos;
				SWIFT_ACTIVE_COMPILATION_CONDITIONS = DEBUG;
				SWIFT_OPTIMIZATION_LEVEL = "-Onone";
				TARGETED_DEVICE_FAMILY = 2;
			};
			name = Debug;
		};
		84E0C40B1EAAD2CF00A1FB61 /* Release */ = {
			isa = XCBuildConfiguration;
			buildSettings = {
				ALWAYS_SEARCH_USER_PATHS = NO;
				CLANG_ANALYZER_NONNULL = YES;
				CLANG_ANALYZER_NUMBER_OBJECT_CONVERSION = YES_AGGRESSIVE;
				CLANG_CXX_LANGUAGE_STANDARD = "gnu++0x";
				CLANG_CXX_LIBRARY = "libc++";
				CLANG_ENABLE_MODULES = YES;
				CLANG_ENABLE_OBJC_ARC = YES;
				CLANG_WARN_BOOL_CONVERSION = YES;
				CLANG_WARN_CONSTANT_CONVERSION = YES;
				CLANG_WARN_DIRECT_OBJC_ISA_USAGE = YES_ERROR;
				CLANG_WARN_DOCUMENTATION_COMMENTS = YES;
				CLANG_WARN_EMPTY_BODY = YES;
				CLANG_WARN_ENUM_CONVERSION = YES;
				CLANG_WARN_INFINITE_RECURSION = YES;
				CLANG_WARN_INT_CONVERSION = YES;
				CLANG_WARN_OBJC_ROOT_CLASS = YES_ERROR;
				CLANG_WARN_SUSPICIOUS_MOVE = YES;
				CLANG_WARN_UNREACHABLE_CODE = YES;
				CLANG_WARN__DUPLICATE_METHOD_MATCH = YES;
				"CODE_SIGN_IDENTITY[sdk=iphoneos*]" = "iPhone Developer";
				COPY_PHASE_STRIP = NO;
				DEBUG_INFORMATION_FORMAT = "dwarf-with-dsym";
				ENABLE_NS_ASSERTIONS = NO;
				ENABLE_STRICT_OBJC_MSGSEND = YES;
				GCC_C_LANGUAGE_STANDARD = gnu99;
				GCC_NO_COMMON_BLOCKS = YES;
				GCC_WARN_64_TO_32_BIT_CONVERSION = YES;
				GCC_WARN_ABOUT_RETURN_TYPE = YES_ERROR;
				GCC_WARN_UNDECLARED_SELECTOR = YES;
				GCC_WARN_UNINITIALIZED_AUTOS = YES_AGGRESSIVE;
				GCC_WARN_UNUSED_FUNCTION = YES;
				GCC_WARN_UNUSED_VARIABLE = YES;
				IPHONEOS_DEPLOYMENT_TARGET = 10.3;
				MTL_ENABLE_DEBUG_INFO = NO;
				SDKROOT = iphoneos;
				SWIFT_OPTIMIZATION_LEVEL = "-Owholemodule";
				TARGETED_DEVICE_FAMILY = 2;
				VALIDATE_PRODUCT = YES;
			};
			name = Release;
		};
		84E0C40D1EAAD2CF00A1FB61 /* Debug */ = {
			isa = XCBuildConfiguration;
			buildSettings = {
				ASSETCATALOG_COMPILER_APPICON_NAME = AppIcon;
				INFOPLIST_FILE = HolaiPad/Info.plist;
				LD_RUNPATH_SEARCH_PATHS = "$(inherited) @executable_path/Frameworks";
				PRODUCT_BUNDLE_IDENTIFIER = com.nextu.iosdeveloper.HolaiPad;
				PRODUCT_NAME = "$(TARGET_NAME)";
				SWIFT_VERSION = 3.0;
			};
			name = Debug;
		};
		84E0C40E1EAAD2CF00A1FB61 /* Release */ = {
			isa = XCBuildConfiguration;
			buildSettings = {
				ASSETCATALOG_COMPILER_APPICON_NAME = AppIcon;
				INFOPLIST_FILE = HolaiPad/Info.plist;
				LD_RUNPATH_SEARCH_PATHS = "$(inherited) @executable_path/Frameworks";
				PRODUCT_BUNDLE_IDENTIFIER = com.nextu.iosdeveloper.HolaiPad;
				PRODUCT_NAME = "$(TARGET_NAME)";
				SWIFT_VERSION = 3.0;
			};
			name = Release;
		};
/* End XCBuildConfiguration section */

/* Begin XCConfigurationList section */
		84E0C3F51EAAD2CF00A1FB61 /* Build configuration list for PBXProject "HolaiPad" */ = {
			isa = XCConfigurationList;
			buildConfigurations = (
				84E0C40A1EAAD2CF00A1FB61 /* Debug */,
				84E0C40B1EAAD2CF00A1FB61 /* Release */,
			);
			defaultConfigurationIsVisible = 0;
			defaultConfigurationName = Release;
		};
		84E0C40C1EAAD2CF00A1FB61 /* Build configuration list for PBXNativeTarget "HolaiPad" */ = {
			isa = XCConfigurationList;
			buildConfigurations = (
				84E0C40D1EAAD2CF00A1FB61 /* Debug */,
				84E0C40E1EAAD2CF00A1FB61 /* Release */,
			);
			defaultConfigurationIsVisible = 0;
		};
/* End XCConfigurationList section */
	};
	rootObject = 84E0C3F21EAAD2CF00A1FB61 /* Project object */;
}
